// !$*UTF8*$!
{
	archiveVersion = 1;
	classes = {
	};
	objectVersion = 50;
	objects = {

/* Begin PBXBuildFile section */
		5E0F4E10221CA25200C9C87A /* AppDelegate.swift in Sources */ = {isa = PBXBuildFile; fileRef = 5E0F4E0F221CA25200C9C87A /* AppDelegate.swift */; };
		5E0F4E12221CA25200C9C87A /* ViewController.swift in Sources */ = {isa = PBXBuildFile; fileRef = 5E0F4E11221CA25200C9C87A /* ViewController.swift */; };
		5E0F4E15221CA25200C9C87A /* Main.storyboard in Resources */ = {isa = PBXBuildFile; fileRef = 5E0F4E13221CA25200C9C87A /* Main.storyboard */; };
		5E0F4E17221CA25900C9C87A /* Assets.xcassets in Resources */ = {isa = PBXBuildFile; fileRef = 5E0F4E16221CA25900C9C87A /* Assets.xcassets */; };
		5E0F4E1A221CA25900C9C87A /* LaunchScreen.storyboard in Resources */ = {isa = PBXBuildFile; fileRef = 5E0F4E18221CA25900C9C87A /* LaunchScreen.storyboard */; };
		5E0F4E25221CA25900C9C87A /* Pocket_GPATests.swift in Sources */ = {isa = PBXBuildFile; fileRef = 5E0F4E24221CA25900C9C87A /* Pocket_GPATests.swift */; };
		5E0F4E30221CA89200C9C87A /* SemesterDetailsTableViewController.swift in Sources */ = {isa = PBXBuildFile; fileRef = 5E0F4E2F221CA89200C9C87A /* SemesterDetailsTableViewController.swift */; };
		5E8E0C262232228C00D42DD8 /* StartMenuViewController.swift in Sources */ = {isa = PBXBuildFile; fileRef = 5E8E0C252232228C00D42DD8 /* StartMenuViewController.swift */; };
		5ED466C522385C7D007C5FC9 /* SubjectDataSource.swift in Sources */ = {isa = PBXBuildFile; fileRef = 5ED466C422385C7D007C5FC9 /* SubjectDataSource.swift */; };
		5EDB79B02239BF4800DF509D /* AddSubjectViewController.swift in Sources */ = {isa = PBXBuildFile; fileRef = 5EDB79AF2239BF4800DF509D /* AddSubjectViewController.swift */; };
/* End PBXBuildFile section */

/* Begin PBXContainerItemProxy section */
		5E0F4E21221CA25900C9C87A /* PBXContainerItemProxy */ = {
			isa = PBXContainerItemProxy;
			containerPortal = 5E0F4E04221CA25200C9C87A /* Project object */;
			proxyType = 1;
			remoteGlobalIDString = 5E0F4E0B221CA25200C9C87A;
			remoteInfo = "Pocket GPA";
		};
/* End PBXContainerItemProxy section */

/* Begin PBXFileReference section */
		5E0F4E0C221CA25200C9C87A /* Pocket GPA.app */ = {isa = PBXFileReference; explicitFileType = wrapper.application; includeInIndex = 0; path = "Pocket GPA.app"; sourceTree = BUILT_PRODUCTS_DIR; };
		5E0F4E0F221CA25200C9C87A /* AppDelegate.swift */ = {isa = PBXFileReference; lastKnownFileType = sourcecode.swift; path = AppDelegate.swift; sourceTree = "<group>"; };
		5E0F4E11221CA25200C9C87A /* ViewController.swift */ = {isa = PBXFileReference; lastKnownFileType = sourcecode.swift; path = ViewController.swift; sourceTree = "<group>"; };
		5E0F4E14221CA25200C9C87A /* Base */ = {isa = PBXFileReference; lastKnownFileType = file.storyboard; name = Base; path = Base.lproj/Main.storyboard; sourceTree = "<group>"; };
		5E0F4E16221CA25900C9C87A /* Assets.xcassets */ = {isa = PBXFileReference; lastKnownFileType = folder.assetcatalog; path = Assets.xcassets; sourceTree = "<group>"; };
		5E0F4E19221CA25900C9C87A /* Base */ = {isa = PBXFileReference; lastKnownFileType = file.storyboard; name = Base; path = Base.lproj/LaunchScreen.storyboard; sourceTree = "<group>"; };
		5E0F4E1B221CA25900C9C87A /* Info.plist */ = {isa = PBXFileReference; lastKnownFileType = text.plist.xml; path = Info.plist; sourceTree = "<group>"; };
		5E0F4E20221CA25900C9C87A /* Pocket GPATests.xctest */ = {isa = PBXFileReference; explicitFileType = wrapper.cfbundle; includeInIndex = 0; path = "Pocket GPATests.xctest"; sourceTree = BUILT_PRODUCTS_DIR; };
		5E0F4E24221CA25900C9C87A /* Pocket_GPATests.swift */ = {isa = PBXFileReference; lastKnownFileType = sourcecode.swift; path = Pocket_GPATests.swift; sourceTree = "<group>"; };
		5E0F4E26221CA25900C9C87A /* Info.plist */ = {isa = PBXFileReference; lastKnownFileType = text.plist.xml; path = Info.plist; sourceTree = "<group>"; };
		5E0F4E2F221CA89200C9C87A /* SemesterDetailsTableViewController.swift */ = {isa = PBXFileReference; lastKnownFileType = sourcecode.swift; path = SemesterDetailsTableViewController.swift; sourceTree = "<group>"; };
		5E8E0C252232228C00D42DD8 /* StartMenuViewController.swift */ = {isa = PBXFileReference; lastKnownFileType = sourcecode.swift; path = StartMenuViewController.swift; sourceTree = "<group>"; };
		5ED466C422385C7D007C5FC9 /* SubjectDataSource.swift */ = {isa = PBXFileReference; lastKnownFileType = sourcecode.swift; path = SubjectDataSource.swift; sourceTree = "<group>"; };
		5EDB79AF2239BF4800DF509D /* AddSubjectViewController.swift */ = {isa = PBXFileReference; lastKnownFileType = sourcecode.swift; path = AddSubjectViewController.swift; sourceTree = "<group>"; };
/* End PBXFileReference section */

/* Begin PBXFrameworksBuildPhase section */
		5E0F4E09221CA25200C9C87A /* Frameworks */ = {
			isa = PBXFrameworksBuildPhase;
			buildActionMask = 2147483647;
			files = (
			);
			runOnlyForDeploymentPostprocessing = 0;
		};
		5E0F4E1D221CA25900C9C87A /* Frameworks */ = {
			isa = PBXFrameworksBuildPhase;
			buildActionMask = 2147483647;
			files = (
			);
			runOnlyForDeploymentPostprocessing = 0;
		};
/* End PBXFrameworksBuildPhase section */

/* Begin PBXGroup section */
		5E0F4E03221CA25200C9C87A = {
			isa = PBXGroup;
			children = (
				5E0F4E0E221CA25200C9C87A /* Pocket GPA */,
				5E0F4E23221CA25900C9C87A /* Pocket GPATests */,
				5E0F4E0D221CA25200C9C87A /* Products */,
			);
			sourceTree = "<group>";
		};
		5E0F4E0D221CA25200C9C87A /* Products */ = {
			isa = PBXGroup;
			children = (
				5E0F4E0C221CA25200C9C87A /* Pocket GPA.app */,
				5E0F4E20221CA25900C9C87A /* Pocket GPATests.xctest */,
			);
			name = Products;
			sourceTree = "<group>";
		};
		5E0F4E0E221CA25200C9C87A /* Pocket GPA */ = {
			isa = PBXGroup;
			children = (
				5E0F4E0F221CA25200C9C87A /* AppDelegate.swift */,
				5E0F4E11221CA25200C9C87A /* ViewController.swift */,
				5E0F4E13221CA25200C9C87A /* Main.storyboard */,
				5E0F4E16221CA25900C9C87A /* Assets.xcassets */,
				5E0F4E18221CA25900C9C87A /* LaunchScreen.storyboard */,
				5E0F4E1B221CA25900C9C87A /* Info.plist */,
				5E8E0C252232228C00D42DD8 /* StartMenuViewController.swift */,
				5E0F4E2F221CA89200C9C87A /* SemesterDetailsTableViewController.swift */,
				5ED466C422385C7D007C5FC9 /* SubjectDataSource.swift */,
				5EDB79AF2239BF4800DF509D /* AddSubjectViewController.swift */,
			);
			path = "Pocket GPA";
			sourceTree = "<group>";
		};
		5E0F4E23221CA25900C9C87A /* Pocket GPATests */ = {
			isa = PBXGroup;
			children = (
				5E0F4E24221CA25900C9C87A /* Pocket_GPATests.swift */,
				5E0F4E26221CA25900C9C87A /* Info.plist */,
			);
			path = "Pocket GPATests";
			sourceTree = "<group>";
		};
/* End PBXGroup section */

/* Begin PBXNativeTarget section */
		5E0F4E0B221CA25200C9C87A /* Pocket GPA */ = {
			isa = PBXNativeTarget;
			buildConfigurationList = 5E0F4E29221CA25900C9C87A /* Build configuration list for PBXNativeTarget "Pocket GPA" */;
			buildPhases = (
				5E0F4E08221CA25200C9C87A /* Sources */,
				5E0F4E09221CA25200C9C87A /* Frameworks */,
				5E0F4E0A221CA25200C9C87A /* Resources */,
			);
			buildRules = (
			);
			dependencies = (
			);
			name = "Pocket GPA";
			productName = "Pocket GPA";
			productReference = 5E0F4E0C221CA25200C9C87A /* Pocket GPA.app */;
			productType = "com.apple.product-type.application";
		};
		5E0F4E1F221CA25900C9C87A /* Pocket GPATests */ = {
			isa = PBXNativeTarget;
			buildConfigurationList = 5E0F4E2C221CA25900C9C87A /* Build configuration list for PBXNativeTarget "Pocket GPATests" */;
			buildPhases = (
				5E0F4E1C221CA25900C9C87A /* Sources */,
				5E0F4E1D221CA25900C9C87A /* Frameworks */,
				5E0F4E1E221CA25900C9C87A /* Resources */,
			);
			buildRules = (
			);
			dependencies = (
				5E0F4E22221CA25900C9C87A /* PBXTargetDependency */,
			);
			name = "Pocket GPATests";
			productName = "Pocket GPATests";
			productReference = 5E0F4E20221CA25900C9C87A /* Pocket GPATests.xctest */;
			productType = "com.apple.product-type.bundle.unit-test";
		};
/* End PBXNativeTarget section */

/* Begin PBXProject section */
		5E0F4E04221CA25200C9C87A /* Project object */ = {
			isa = PBXProject;
			attributes = {
				LastSwiftUpdateCheck = 1010;
				LastUpgradeCheck = 1010;
				ORGANIZATIONNAME = "Justice Jubilee";
				TargetAttributes = {
					5E0F4E0B221CA25200C9C87A = {
						CreatedOnToolsVersion = 10.1;
					};
					5E0F4E1F221CA25900C9C87A = {
						CreatedOnToolsVersion = 10.1;
						TestTargetID = 5E0F4E0B221CA25200C9C87A;
					};
				};
			};
			buildConfigurationList = 5E0F4E07221CA25200C9C87A /* Build configuration list for PBXProject "Pocket GPA" */;
			compatibilityVersion = "Xcode 9.3";
			developmentRegion = en;
			hasScannedForEncodings = 0;
			knownRegions = (
				en,
				Base,
			);
			mainGroup = 5E0F4E03221CA25200C9C87A;
			productRefGroup = 5E0F4E0D221CA25200C9C87A /* Products */;
			projectDirPath = "";
			projectRoot = "";
			targets = (
				5E0F4E0B221CA25200C9C87A /* Pocket GPA */,
				5E0F4E1F221CA25900C9C87A /* Pocket GPATests */,
			);
		};
/* End PBXProject section */

/* Begin PBXResourcesBuildPhase section */
		5E0F4E0A221CA25200C9C87A /* Resources */ = {
			isa = PBXResourcesBuildPhase;
			buildActionMask = 2147483647;
			files = (
				5E0F4E1A221CA25900C9C87A /* LaunchScreen.storyboard in Resources */,
				5E0F4E17221CA25900C9C87A /* Assets.xcassets in Resources */,
				5E0F4E15221CA25200C9C87A /* Main.storyboard in Resources */,
			);
			runOnlyForDeploymentPostprocessing = 0;
		};
		5E0F4E1E221CA25900C9C87A /* Resources */ = {
			isa = PBXResourcesBuildPhase;
			buildActionMask = 2147483647;
			files = (
			);
			runOnlyForDeploymentPostprocessing = 0;
		};
/* End PBXResourcesBuildPhase section */

/* Begin PBXSourcesBuildPhase section */
		5E0F4E08221CA25200C9C87A /* Sources */ = {
			isa = PBXSourcesBuildPhase;
			buildActionMask = 2147483647;
			files = (
				5E0F4E12221CA25200C9C87A /* ViewController.swift in Sources */,
				5E0F4E10221CA25200C9C87A /* AppDelegate.swift in Sources */,
				5E0F4E30221CA89200C9C87A /* SemesterDetailsTableViewController.swift in Sources */,
				5EDB79B02239BF4800DF509D /* AddSubjectViewController.swift in Sources */,
				5ED466C522385C7D007C5FC9 /* SubjectDataSource.swift in Sources */,
				5E8E0C262232228C00D42DD8 /* StartMenuViewController.swift in Sources */,
			);
			runOnlyForDeploymentPostprocessing = 0;
		};
		5E0F4E1C221CA25900C9C87A /* Sources */ = {
			isa = PBXSourcesBuildPhase;
			buildActionMask = 2147483647;
			files = (
				5E0F4E25221CA25900C9C87A /* Pocket_GPATests.swift in Sources */,
			);
			runOnlyForDeploymentPostprocessing = 0;
		};
/* End PBXSourcesBuildPhase section */

/* Begin PBXTargetDependency section */
		5E0F4E22221CA25900C9C87A /* PBXTargetDependency */ = {
			isa = PBXTargetDependency;
			target = 5E0F4E0B221CA25200C9C87A /* Pocket GPA */;
			targetProxy = 5E0F4E21221CA25900C9C87A /* PBXContainerItemProxy */;
		};
/* End PBXTargetDependency section */

/* Begin PBXVariantGroup section */
		5E0F4E13221CA25200C9C87A /* Main.storyboard */ = {
			isa = PBXVariantGroup;
			children = (
				5E0F4E14221CA25200C9C87A /* Base */,
			);
			name = Main.storyboard;
			sourceTree = "<group>";
		};
		5E0F4E18221CA25900C9C87A /* LaunchScreen.storyboard */ = {
			isa = PBXVariantGroup;
			children = (
				5E0F4E19221CA25900C9C87A /* Base */,
			);
			name = LaunchScreen.storyboard;
			sourceTree = "<group>";
		};
/* End PBXVariantGroup section */

/* Begin XCBuildConfiguration section */
		5E0F4E27221CA25900C9C87A /* Debug */ = {
			isa = XCBuildConfiguration;
			buildSettings = {
				ALWAYS_SEARCH_USER_PATHS = NO;
				CLANG_ANALYZER_NONNULL = YES;
				CLANG_ANALYZER_NUMBER_OBJECT_CONVERSION = YES_AGGRESSIVE;
				CLANG_CXX_LANGUAGE_STANDARD = "gnu++14";
				CLANG_CXX_LIBRARY = "libc++";
				CLANG_ENABLE_MODULES = YES;
				CLANG_ENABLE_OBJC_ARC = YES;
				CLANG_ENABLE_OBJC_WEAK = YES;
				CLANG_WARN_BLOCK_CAPTURE_AUTORELEASING = YES;
				CLANG_WARN_BOOL_CONVERSION = YES;
				CLANG_WARN_COMMA = YES;
				CLANG_WARN_CONSTANT_CONVERSION = YES;
				CLANG_WARN_DEPRECATED_OBJC_IMPLEMENTATIONS = YES;
				CLANG_WARN_DIRECT_OBJC_ISA_USAGE = YES_ERROR;
				CLANG_WARN_DOCUMENTATION_COMMENTS = YES;
				CLANG_WARN_EMPTY_BODY = YES;
				CLANG_WARN_ENUM_CONVERSION = YES;
				CLANG_WARN_INFINITE_RECURSION = YES;
				CLANG_WARN_INT_CONVERSION = YES;
				CLANG_WARN_NON_LITERAL_NULL_CONVERSION = YES;
				CLANG_WARN_OBJC_IMPLICIT_RETAIN_SELF = YES;
				CLANG_WARN_OBJC_LITERAL_CONVERSION = YES;
				CLANG_WARN_OBJC_ROOT_CLASS = YES_ERROR;
				CLANG_WARN_RANGE_LOOP_ANALYSIS = YES;
				CLANG_WARN_STRICT_PROTOTYPES = YES;
				CLANG_WARN_SUSPICIOUS_MOVE = YES;
				CLANG_WARN_UNGUARDED_AVAILABILITY = YES_AGGRESSIVE;
				CLANG_WARN_UNREACHABLE_CODE = YES;
				CLANG_WARN__DUPLICATE_METHOD_MATCH = YES;
				CODE_SIGN_IDENTITY = "iPhone Developer";
				COPY_PHASE_STRIP = NO;
				DEBUG_INFORMATION_FORMAT = dwarf;
				ENABLE_STRICT_OBJC_MSGSEND = YES;
				ENABLE_TESTABILITY = YES;
				GCC_C_LANGUAGE_STANDARD = gnu11;
				GCC_DYNAMIC_NO_PIC = NO;
				GCC_NO_COMMON_BLOCKS = YES;
				GCC_OPTIMIZATION_LEVEL = 0;
				GCC_PREPROCESSOR_DEFINITIONS = (
					"DEBUG=1",
					"$(inherited)",
				);
				GCC_WARN_64_TO_32_BIT_CONVERSION = YES;
				GCC_WARN_ABOUT_RETURN_TYPE = YES_ERROR;
				GCC_WARN_UNDECLARED_SELECTOR = YES;
				GCC_WARN_UNINITIALIZED_AUTOS = YES_AGGRESSIVE;
				GCC_WARN_UNUSED_FUNCTION = YES;
				GCC_WARN_UNUSED_VARIABLE = YES;
				IPHONEOS_DEPLOYMENT_TARGET = 12.1;
				MTL_ENABLE_DEBUG_INFO = INCLUDE_SOURCE;
				MTL_FAST_MATH = YES;
				ONLY_ACTIVE_ARCH = YES;
				SDKROOT = iphoneos;
				SWIFT_ACTIVE_COMPILATION_CONDITIONS = DEBUG;
				SWIFT_OPTIMIZATION_LEVEL = "-Onone";
			};
			name = Debug;
		};
		5E0F4E28221CA25900C9C87A /* Release */ = {
			isa = XCBuildConfiguration;
			buildSettings = {
				ALWAYS_SEARCH_USER_PATHS = NO;
				CLANG_ANALYZER_NONNULL = YES;
				CLANG_ANALYZER_NUMBER_OBJECT_CONVERSION = YES_AGGRESSIVE;
				CLANG_CXX_LANGUAGE_STANDARD = "gnu++14";
				CLANG_CXX_LIBRARY = "libc++";
				CLANG_ENABLE_MODULES = YES;
				CLANG_ENABLE_OBJC_ARC = YES;
				CLANG_ENABLE_OBJC_WEAK = YES;
				CLANG_WARN_BLOCK_CAPTURE_AUTORELEASING = YES;
				CLANG_WARN_BOOL_CONVERSION = YES;
				CLANG_WARN_COMMA = YES;
				CLANG_WARN_CONSTANT_CONVERSION = YES;
				CLANG_WARN_DEPRECATED_OBJC_IMPLEMENTATIONS = YES;
				CLANG_WARN_DIRECT_OBJC_ISA_USAGE = YES_ERROR;
				CLANG_WARN_DOCUMENTATION_COMMENTS = YES;
				CLANG_WARN_EMPTY_BODY = YES;
				CLANG_WARN_ENUM_CONVERSION = YES;
				CLANG_WARN_INFINITE_RECURSION = YES;
				CLANG_WARN_INT_CONVERSION = YES;
				CLANG_WARN_NON_LITERAL_NULL_CONVERSION = YES;
				CLANG_WARN_OBJC_IMPLICIT_RETAIN_SELF = YES;
				CLANG_WARN_OBJC_LITERAL_CONVERSION = YES;
				CLANG_WARN_OBJC_ROOT_CLASS = YES_ERROR;
				CLANG_WARN_RANGE_LOOP_ANALYSIS = YES;
				CLANG_WARN_STRICT_PROTOTYPES = YES;
				CLANG_WARN_SUSPICIOUS_MOVE = YES;
				CLANG_WARN_UNGUARDED_AVAILABILITY = YES_AGGRESSIVE;
				CLANG_WARN_UNREACHABLE_CODE = YES;
				CLANG_WARN__DUPLICATE_METHOD_MATCH = YES;
				CODE_SIGN_IDENTITY = "iPhone Developer";
				COPY_PHASE_STRIP = NO;
				DEBUG_INFORMATION_FORMAT = "dwarf-with-dsym";
				ENABLE_NS_ASSERTIONS = NO;
				ENABLE_STRICT_OBJC_MSGSEND = YES;
				GCC_C_LANGUAGE_STANDARD = gnu11;
				GCC_NO_COMMON_BLOCKS = YES;
				GCC_WARN_64_TO_32_BIT_CONVERSION = YES;
				GCC_WARN_ABOUT_RETURN_TYPE = YES_ERROR;
				GCC_WARN_UNDECLARED_SELECTOR = YES;
				GCC_WARN_UNINITIALIZED_AUTOS = YES_AGGRESSIVE;
				GCC_WARN_UNUSED_FUNCTION = YES;
				GCC_WARN_UNUSED_VARIABLE = YES;
				IPHONEOS_DEPLOYMENT_TARGET = 12.1;
				MTL_ENABLE_DEBUG_INFO = NO;
				MTL_FAST_MATH = YES;
				SDKROOT = iphoneos;
				SWIFT_COMPILATION_MODE = wholemodule;
				SWIFT_OPTIMIZATION_LEVEL = "-O";
				VALIDATE_PRODUCT = YES;
			};
			name = Release;
		};
		5E0F4E2A221CA25900C9C87A /* Debug */ = {
			isa = XCBuildConfiguration;
			buildSettings = {
				ASSETCATALOG_COMPILER_APPICON_NAME = AppIcon;
				CODE_SIGN_STYLE = Automatic;
				DEVELOPMENT_TEAM = 6D73GG68WT;
				INFOPLIST_FILE = "Pocket GPA/Info.plist";
				LD_RUNPATH_SEARCH_PATHS = (
					"$(inherited)",
					"@executable_path/Frameworks",
				);
				PRODUCT_BUNDLE_IDENTIFIER = "justicejubilee.Pocket-GPA";
				PRODUCT_NAME = "$(TARGET_NAME)";
				SWIFT_VERSION = 4.2;
				TARGETED_DEVICE_FAMILY = "1,2";
			};
			name = Debug;
		};
		5E0F4E2B221CA25900C9C87A /* Release */ = {
			isa = XCBuildConfiguration;
			buildSettings = {
				ASSETCATALOG_COMPILER_APPICON_NAME = AppIcon;
				CODE_SIGN_STYLE = Automatic;
				DEVELOPMENT_TEAM = 6D73GG68WT;
				INFOPLIST_FILE = "Pocket GPA/Info.plist";
				LD_RUNPATH_SEARCH_PATHS = (
					"$(inherited)",
					"@executable_path/Frameworks",
				);
				PRODUCT_BUNDLE_IDENTIFIER = "justicejubilee.Pocket-GPA";
				PRODUCT_NAME = "$(TARGET_NAME)";
				SWIFT_VERSION = 4.2;
				TARGETED_DEVICE_FAMILY = "1,2";
			};
			name = Release;
		};
		5E0F4E2D221CA25900C9C87A /* Debug */ = {
			isa = XCBuildConfiguration;
			buildSettings = {
				ALWAYS_EMBED_SWIFT_STANDARD_LIBRARIES = YES;
				BUNDLE_LOADER = "$(TEST_HOST)";
				CODE_SIGN_STYLE = Automatic;
				DEVELOPMENT_TEAM = 6D73GG68WT;
				INFOPLIST_FILE = "Pocket GPATests/Info.plist";
				LD_RUNPATH_SEARCH_PATHS = (
					"$(inherited)",
					"@executable_path/Frameworks",
					"@loader_path/Frameworks",
				);
				PRODUCT_BUNDLE_IDENTIFIER = "justicejubilee.Pocket-GPATests";
				PRODUCT_NAME = "$(TARGET_NAME)";
				SWIFT_VERSION = 4.2;
				TARGETED_DEVICE_FAMILY = "1,2";
				TEST_HOST = "$(BUILT_PRODUCTS_DIR)/Pocket GPA.app/Pocket GPA";
			};
			name = Debug;
		};
		5E0F4E2E221CA25900C9C87A /* Release */ = {
			isa = XCBuildConfiguration;
			buildSettings = {
				ALWAYS_EMBED_SWIFT_STANDARD_LIBRARIES = YES;
				BUNDLE_LOADER = "$(TEST_HOST)";
				CODE_SIGN_STYLE = Automatic;
				DEVELOPMENT_TEAM = 6D73GG68WT;
				INFOPLIST_FILE = "Pocket GPATests/Info.plist";
				LD_RUNPATH_SEARCH_PATHS = (
					"$(inherited)",
					"@executable_path/Frameworks",
					"@loader_path/Frameworks",
				);
				PRODUCT_BUNDLE_IDENTIFIER = "justicejubilee.Pocket-GPATests";
				PRODUCT_NAME = "$(TARGET_NAME)";
				SWIFT_VERSION = 4.2;
				TARGETED_DEVICE_FAMILY = "1,2";
				TEST_HOST = "$(BUILT_PRODUCTS_DIR)/Pocket GPA.app/Pocket GPA";
			};
			name = Release;
		};
/* End XCBuildConfiguration section */

/* Begin XCConfigurationList section */
		5E0F4E07221CA25200C9C87A /* Build configuration list for PBXProject "Pocket GPA" */ = {
			isa = XCConfigurationList;
			buildConfigurations = (
				5E0F4E27221CA25900C9C87A /* Debug */,
				5E0F4E28221CA25900C9C87A /* Release */,
			);
			defaultConfigurationIsVisible = 0;
			defaultConfigurationName = Release;
		};
		5E0F4E29221CA25900C9C87A /* Build configuration list for PBXNativeTarget "Pocket GPA" */ = {
			isa = XCConfigurationList;
			buildConfigurations = (
				5E0F4E2A221CA25900C9C87A /* Debug */,
				5E0F4E2B221CA25900C9C87A /* Release */,
			);
			defaultConfigurationIsVisible = 0;
			defaultConfigurationName = Release;
		};
		5E0F4E2C221CA25900C9C87A /* Build configuration list for PBXNativeTarget "Pocket GPATests" */ = {
			isa = XCConfigurationList;
			buildConfigurations = (
				5E0F4E2D221CA25900C9C87A /* Debug */,
				5E0F4E2E221CA25900C9C87A /* Release */,
			);
			defaultConfigurationIsVisible = 0;
			defaultConfigurationName = Release;
		};
/* End XCConfigurationList section */
	};
	rootObject = 5E0F4E04221CA25200C9C87A /* Project object */;
}
